// !$*UTF8*$!
{
	archiveVersion = 1;
	classes = {
	};
	objectVersion = 56;
	objects = {

/* Begin PBXBuildFile section */
		A3263CB22965AF0E00B6EAFA /* SwiftUILazyVGridViewDemoAppApp.swift in Sources */ = {isa = PBXBuildFile; fileRef = A3263CB12965AF0E00B6EAFA /* SwiftUILazyVGridViewDemoAppApp.swift */; };
		A3263CB42965AF0E00B6EAFA /* ContentView.swift in Sources */ = {isa = PBXBuildFile; fileRef = A3263CB32965AF0E00B6EAFA /* ContentView.swift */; };
		A3263CB62965AF1100B6EAFA /* Assets.xcassets in Resources */ = {isa = PBXBuildFile; fileRef = A3263CB52965AF1100B6EAFA /* Assets.xcassets */; };
		A3263CB92965AF1100B6EAFA /* Preview Assets.xcassets in Resources */ = {isa = PBXBuildFile; fileRef = A3263CB82965AF1100B6EAFA /* Preview Assets.xcassets */; };
		A3263CC32965AF1100B6EAFA /* SwiftUILazyVGridViewDemoAppTests.swift in Sources */ = {isa = PBXBuildFile; fileRef = A3263CC22965AF1100B6EAFA /* SwiftUILazyVGridViewDemoAppTests.swift */; };
		A3263CCD2965AF1100B6EAFA /* SwiftUILazyVGridViewDemoAppUITests.swift in Sources */ = {isa = PBXBuildFile; fileRef = A3263CCC2965AF1100B6EAFA /* SwiftUILazyVGridViewDemoAppUITests.swift */; };
		A3263CCF2965AF1100B6EAFA /* SwiftUILazyVGridViewDemoAppUITestsLaunchTests.swift in Sources */ = {isa = PBXBuildFile; fileRef = A3263CCE2965AF1100B6EAFA /* SwiftUILazyVGridViewDemoAppUITestsLaunchTests.swift */; };
		A3263CDC2965AF8A00B6EAFA /* Cat.swift in Sources */ = {isa = PBXBuildFile; fileRef = A3263CDB2965AF8A00B6EAFA /* Cat.swift */; };
/* End PBXBuildFile section */

/* Begin PBXContainerItemProxy section */
		A3263CBF2965AF1100B6EAFA /* PBXContainerItemProxy */ = {
			isa = PBXContainerItemProxy;
			containerPortal = A3263CA62965AF0E00B6EAFA /* Project object */;
			proxyType = 1;
			remoteGlobalIDString = A3263CAD2965AF0E00B6EAFA;
			remoteInfo = SwiftUILazyVGridViewDemoApp;
		};
		A3263CC92965AF1100B6EAFA /* PBXContainerItemProxy */ = {
			isa = PBXContainerItemProxy;
			containerPortal = A3263CA62965AF0E00B6EAFA /* Project object */;
			proxyType = 1;
			remoteGlobalIDString = A3263CAD2965AF0E00B6EAFA;
			remoteInfo = SwiftUILazyVGridViewDemoApp;
		};
/* End PBXContainerItemProxy section */

/* Begin PBXFileReference section */
		A3263CAE2965AF0E00B6EAFA /* SwiftUILazyVGridViewDemoApp.app */ = {isa = PBXFileReference; explicitFileType = wrapper.application; includeInIndex = 0; path = SwiftUILazyVGridViewDemoApp.app; sourceTree = BUILT_PRODUCTS_DIR; };
		A3263CB12965AF0E00B6EAFA /* SwiftUILazyVGridViewDemoAppApp.swift */ = {isa = PBXFileReference; lastKnownFileType = sourcecode.swift; path = SwiftUILazyVGridViewDemoAppApp.swift; sourceTree = "<group>"; };
		A3263CB32965AF0E00B6EAFA /* ContentView.swift */ = {isa = PBXFileReference; lastKnownFileType = sourcecode.swift; path = ContentView.swift; sourceTree = "<group>"; };
		A3263CB52965AF1100B6EAFA /* Assets.xcassets */ = {isa = PBXFileReference; lastKnownFileType = folder.assetcatalog; path = Assets.xcassets; sourceTree = "<group>"; };
		A3263CB82965AF1100B6EAFA /* Preview Assets.xcassets */ = {isa = PBXFileReference; lastKnownFileType = folder.assetcatalog; path = "Preview Assets.xcassets"; sourceTree = "<group>"; };
		A3263CBE2965AF1100B6EAFA /* SwiftUILazyVGridViewDemoAppTests.xctest */ = {isa = PBXFileReference; explicitFileType = wrapper.cfbundle; includeInIndex = 0; path = SwiftUILazyVGridViewDemoAppTests.xctest; sourceTree = BUILT_PRODUCTS_DIR; };
		A3263CC22965AF1100B6EAFA /* SwiftUILazyVGridViewDemoAppTests.swift */ = {isa = PBXFileReference; lastKnownFileType = sourcecode.swift; path = SwiftUILazyVGridViewDemoAppTests.swift; sourceTree = "<group>"; };
		A3263CC82965AF1100B6EAFA /* SwiftUILazyVGridViewDemoAppUITests.xctest */ = {isa = PBXFileReference; explicitFileType = wrapper.cfbundle; includeInIndex = 0; path = SwiftUILazyVGridViewDemoAppUITests.xctest; sourceTree = BUILT_PRODUCTS_DIR; };
		A3263CCC2965AF1100B6EAFA /* SwiftUILazyVGridViewDemoAppUITests.swift */ = {isa = PBXFileReference; lastKnownFileType = sourcecode.swift; path = SwiftUILazyVGridViewDemoAppUITests.swift; sourceTree = "<group>"; };
		A3263CCE2965AF1100B6EAFA /* SwiftUILazyVGridViewDemoAppUITestsLaunchTests.swift */ = {isa = PBXFileReference; lastKnownFileType = sourcecode.swift; path = SwiftUILazyVGridViewDemoAppUITestsLaunchTests.swift; sourceTree = "<group>"; };
		A3263CDB2965AF8A00B6EAFA /* Cat.swift */ = {isa = PBXFileReference; fileEncoding = 4; lastKnownFileType = sourcecode.swift; path = Cat.swift; sourceTree = "<group>"; };
/* End PBXFileReference section */

/* Begin PBXFrameworksBuildPhase section */
		A3263CAB2965AF0E00B6EAFA /* Frameworks */ = {
			isa = PBXFrameworksBuildPhase;
			buildActionMask = 2147483647;
			files = (
			);
			runOnlyForDeploymentPostprocessing = 0;
		};
		A3263CBB2965AF1100B6EAFA /* Frameworks */ = {
			isa = PBXFrameworksBuildPhase;
			buildActionMask = 2147483647;
			files = (
			);
			runOnlyForDeploymentPostprocessing = 0;
		};
		A3263CC52965AF1100B6EAFA /* Frameworks */ = {
			isa = PBXFrameworksBuildPhase;
			buildActionMask = 2147483647;
			files = (
			);
			runOnlyForDeploymentPostprocessing = 0;
		};
/* End PBXFrameworksBuildPhase section */

/* Begin PBXGroup section */
		A3263CA52965AF0E00B6EAFA = {
			isa = PBXGroup;
			children = (
				A3263CB02965AF0E00B6EAFA /* SwiftUILazyVGridViewDemoApp */,
				A3263CC12965AF1100B6EAFA /* SwiftUILazyVGridViewDemoAppTests */,
				A3263CCB2965AF1100B6EAFA /* SwiftUILazyVGridViewDemoAppUITests */,
				A3263CAF2965AF0E00B6EAFA /* Products */,
			);
			sourceTree = "<group>";
		};
		A3263CAF2965AF0E00B6EAFA /* Products */ = {
			isa = PBXGroup;
			children = (
				A3263CAE2965AF0E00B6EAFA /* SwiftUILazyVGridViewDemoApp.app */,
				A3263CBE2965AF1100B6EAFA /* SwiftUILazyVGridViewDemoAppTests.xctest */,
				A3263CC82965AF1100B6EAFA /* SwiftUILazyVGridViewDemoAppUITests.xctest */,
			);
			name = Products;
			sourceTree = "<group>";
		};
		A3263CB02965AF0E00B6EAFA /* SwiftUILazyVGridViewDemoApp */ = {
			isa = PBXGroup;
			children = (
				A3263CDB2965AF8A00B6EAFA /* Cat.swift */,
				A3263CB12965AF0E00B6EAFA /* SwiftUILazyVGridViewDemoAppApp.swift */,
				A3263CB32965AF0E00B6EAFA /* ContentView.swift */,
				A3263CB52965AF1100B6EAFA /* Assets.xcassets */,
				A3263CB72965AF1100B6EAFA /* Preview Content */,
			);
			path = SwiftUILazyVGridViewDemoApp;
			sourceTree = "<group>";
		};
		A3263CB72965AF1100B6EAFA /* Preview Content */ = {
			isa = PBXGroup;
			children = (
				A3263CB82965AF1100B6EAFA /* Preview Assets.xcassets */,
			);
			path = "Preview Content";
			sourceTree = "<group>";
		};
		A3263CC12965AF1100B6EAFA /* SwiftUILazyVGridViewDemoAppTests */ = {
			isa = PBXGroup;
			children = (
				A3263CC22965AF1100B6EAFA /* SwiftUILazyVGridViewDemoAppTests.swift */,
			);
			path = SwiftUILazyVGridViewDemoAppTests;
			sourceTree = "<group>";
		};
		A3263CCB2965AF1100B6EAFA /* SwiftUILazyVGridViewDemoAppUITests */ = {
			isa = PBXGroup;
			children = (
				A3263CCC2965AF1100B6EAFA /* SwiftUILazyVGridViewDemoAppUITests.swift */,
				A3263CCE2965AF1100B6EAFA /* SwiftUILazyVGridViewDemoAppUITestsLaunchTests.swift */,
			);
			path = SwiftUILazyVGridViewDemoAppUITests;
			sourceTree = "<group>";
		};
/* End PBXGroup section */

/* Begin PBXNativeTarget section */
		A3263CAD2965AF0E00B6EAFA /* SwiftUILazyVGridViewDemoApp */ = {
			isa = PBXNativeTarget;
			buildConfigurationList = A3263CD22965AF1100B6EAFA /* Build configuration list for PBXNativeTarget "SwiftUILazyVGridViewDemoApp" */;
			buildPhases = (
				A3263CAA2965AF0E00B6EAFA /* Sources */,
				A3263CAB2965AF0E00B6EAFA /* Frameworks */,
				A3263CAC2965AF0E00B6EAFA /* Resources */,
			);
			buildRules = (
			);
			dependencies = (
			);
			name = SwiftUILazyVGridViewDemoApp;
			productName = SwiftUILazyVGridViewDemoApp;
			productReference = A3263CAE2965AF0E00B6EAFA /* SwiftUILazyVGridViewDemoApp.app */;
			productType = "com.apple.product-type.application";
		};
		A3263CBD2965AF1100B6EAFA /* SwiftUILazyVGridViewDemoAppTests */ = {
			isa = PBXNativeTarget;
			buildConfigurationList = A3263CD52965AF1100B6EAFA /* Build configuration list for PBXNativeTarget "SwiftUILazyVGridViewDemoAppTests" */;
			buildPhases = (
				A3263CBA2965AF1100B6EAFA /* Sources */,
				A3263CBB2965AF1100B6EAFA /* Frameworks */,
				A3263CBC2965AF1100B6EAFA /* Resources */,
			);
			buildRules = (
			);
			dependencies = (
				A3263CC02965AF1100B6EAFA /* PBXTargetDependency */,
			);
			name = SwiftUILazyVGridViewDemoAppTests;
			productName = SwiftUILazyVGridViewDemoAppTests;
			productReference = A3263CBE2965AF1100B6EAFA /* SwiftUILazyVGridViewDemoAppTests.xctest */;
			productType = "com.apple.product-type.bundle.unit-test";
		};
		A3263CC72965AF1100B6EAFA /* SwiftUILazyVGridViewDemoAppUITests */ = {
			isa = PBXNativeTarget;
			buildConfigurationList = A3263CD82965AF1100B6EAFA /* Build configuration list for PBXNativeTarget "SwiftUILazyVGridViewDemoAppUITests" */;
			buildPhases = (
				A3263CC42965AF1100B6EAFA /* Sources */,
				A3263CC52965AF1100B6EAFA /* Frameworks */,
				A3263CC62965AF1100B6EAFA /* Resources */,
			);
			buildRules = (
			);
			dependencies = (
				A3263CCA2965AF1100B6EAFA /* PBXTargetDependency */,
			);
			name = SwiftUILazyVGridViewDemoAppUITests;
			productName = SwiftUILazyVGridViewDemoAppUITests;
			productReference = A3263CC82965AF1100B6EAFA /* SwiftUILazyVGridViewDemoAppUITests.xctest */;
			productType = "com.apple.product-type.bundle.ui-testing";
		};
/* End PBXNativeTarget section */

/* Begin PBXProject section */
		A3263CA62965AF0E00B6EAFA /* Project object */ = {
			isa = PBXProject;
			attributes = {
				BuildIndependentTargetsInParallel = 1;
				LastSwiftUpdateCheck = 1420;
				LastUpgradeCheck = 1420;
				TargetAttributes = {
					A3263CAD2965AF0E00B6EAFA = {
						CreatedOnToolsVersion = 14.2;
					};
					A3263CBD2965AF1100B6EAFA = {
						CreatedOnToolsVersion = 14.2;
						TestTargetID = A3263CAD2965AF0E00B6EAFA;
					};
					A3263CC72965AF1100B6EAFA = {
						CreatedOnToolsVersion = 14.2;
						TestTargetID = A3263CAD2965AF0E00B6EAFA;
					};
				};
			};
			buildConfigurationList = A3263CA92965AF0E00B6EAFA /* Build configuration list for PBXProject "SwiftUILazyVGridViewDemoApp" */;
			compatibilityVersion = "Xcode 14.0";
			developmentRegion = en;
			hasScannedForEncodings = 0;
			knownRegions = (
				en,
				Base,
			);
			mainGroup = A3263CA52965AF0E00B6EAFA;
			productRefGroup = A3263CAF2965AF0E00B6EAFA /* Products */;
			projectDirPath = "";
			projectRoot = "";
			targets = (
				A3263CAD2965AF0E00B6EAFA /* SwiftUILazyVGridViewDemoApp */,
				A3263CBD2965AF1100B6EAFA /* SwiftUILazyVGridViewDemoAppTests */,
				A3263CC72965AF1100B6EAFA /* SwiftUILazyVGridViewDemoAppUITests */,
			);
		};
/* End PBXProject section */

/* Begin PBXResourcesBuildPhase section */
		A3263CAC2965AF0E00B6EAFA /* Resources */ = {
			isa = PBXResourcesBuildPhase;
			buildActionMask = 2147483647;
			files = (
				A3263CB92965AF1100B6EAFA /* Preview Assets.xcassets in Resources */,
				A3263CB62965AF1100B6EAFA /* Assets.xcassets in Resources */,
			);
			runOnlyForDeploymentPostprocessing = 0;
		};
		A3263CBC2965AF1100B6EAFA /* Resources */ = {
			isa = PBXResourcesBuildPhase;
			buildActionMask = 2147483647;
			files = (
			);
			runOnlyForDeploymentPostprocessing = 0;
		};
		A3263CC62965AF1100B6EAFA /* Resources */ = {
			isa = PBXResourcesBuildPhase;
			buildActionMask = 2147483647;
			files = (
			);
			runOnlyForDeploymentPostprocessing = 0;
		};
/* End PBXResourcesBuildPhase section */

/* Begin PBXSourcesBuildPhase section */
		A3263CAA2965AF0E00B6EAFA /* Sources */ = {
			isa = PBXSourcesBuildPhase;
			buildActionMask = 2147483647;
			files = (
				A3263CB42965AF0E00B6EAFA /* ContentView.swift in Sources */,
				A3263CB22965AF0E00B6EAFA /* SwiftUILazyVGridViewDemoAppApp.swift in Sources */,
				A3263CDC2965AF8A00B6EAFA /* Cat.swift in Sources */,
			);
			runOnlyForDeploymentPostprocessing = 0;
		};
		A3263CBA2965AF1100B6EAFA /* Sources */ = {
			isa = PBXSourcesBuildPhase;
			buildActionMask = 2147483647;
			files = (
				A3263CC32965AF1100B6EAFA /* SwiftUILazyVGridViewDemoAppTests.swift in Sources */,
			);
			runOnlyForDeploymentPostprocessing = 0;
		};
		A3263CC42965AF1100B6EAFA /* Sources */ = {
			isa = PBXSourcesBuildPhase;
			buildActionMask = 2147483647;
			files = (
				A3263CCD2965AF1100B6EAFA /* SwiftUILazyVGridViewDemoAppUITests.swift in Sources */,
				A3263CCF2965AF1100B6EAFA /* SwiftUILazyVGridViewDemoAppUITestsLaunchTests.swift in Sources */,
			);
			runOnlyForDeploymentPostprocessing = 0;
		};
/* End PBXSourcesBuildPhase section */

/* Begin PBXTargetDependency section */
		A3263CC02965AF1100B6EAFA /* PBXTargetDependency */ = {
			isa = PBXTargetDependency;
			target = A3263CAD2965AF0E00B6EAFA /* SwiftUILazyVGridViewDemoApp */;
			targetProxy = A3263CBF2965AF1100B6EAFA /* PBXContainerItemProxy */;
		};
		A3263CCA2965AF1100B6EAFA /* PBXTargetDependency */ = {
			isa = PBXTargetDependency;
			target = A3263CAD2965AF0E00B6EAFA /* SwiftUILazyVGridViewDemoApp */;
			targetProxy = A3263CC92965AF1100B6EAFA /* PBXContainerItemProxy */;
		};
/* End PBXTargetDependency section */

/* Begin XCBuildConfiguration section */
		A3263CD02965AF1100B6EAFA /* Debug */ = {
			isa = XCBuildConfiguration;
			buildSettings = {
				ALWAYS_SEARCH_USER_PATHS = NO;
				CLANG_ANALYZER_NONNULL = YES;
				CLANG_ANALYZER_NUMBER_OBJECT_CONVERSION = YES_AGGRESSIVE;
				CLANG_CXX_LANGUAGE_STANDARD = "gnu++20";
				CLANG_ENABLE_MODULES = YES;
				CLANG_ENABLE_OBJC_ARC = YES;
				CLANG_ENABLE_OBJC_WEAK = YES;
				CLANG_WARN_BLOCK_CAPTURE_AUTORELEASING = YES;
				CLANG_WARN_BOOL_CONVERSION = YES;
				CLANG_WARN_COMMA = YES;
				CLANG_WARN_CONSTANT_CONVERSION = YES;
				CLANG_WARN_DEPRECATED_OBJC_IMPLEMENTATIONS = YES;
				CLANG_WARN_DIRECT_OBJC_ISA_USAGE = YES_ERROR;
				CLANG_WARN_DOCUMENTATION_COMMENTS = YES;
				CLANG_WARN_EMPTY_BODY = YES;
				CLANG_WARN_ENUM_CONVERSION = YES;
				CLANG_WARN_INFINITE_RECURSION = YES;
				CLANG_WARN_INT_CONVERSION = YES;
				CLANG_WARN_NON_LITERAL_NULL_CONVERSION = YES;
				CLANG_WARN_OBJC_IMPLICIT_RETAIN_SELF = YES;
				CLANG_WARN_OBJC_LITERAL_CONVERSION = YES;
				CLANG_WARN_OBJC_ROOT_CLASS = YES_ERROR;
				CLANG_WARN_QUOTED_INCLUDE_IN_FRAMEWORK_HEADER = YES;
				CLANG_WARN_RANGE_LOOP_ANALYSIS = YES;
				CLANG_WARN_STRICT_PROTOTYPES = YES;
				CLANG_WARN_SUSPICIOUS_MOVE = YES;
				CLANG_WARN_UNGUARDED_AVAILABILITY = YES_AGGRESSIVE;
				CLANG_WARN_UNREACHABLE_CODE = YES;
				CLANG_WARN__DUPLICATE_METHOD_MATCH = YES;
				COPY_PHASE_STRIP = NO;
				DEBUG_INFORMATION_FORMAT = dwarf;
				ENABLE_STRICT_OBJC_MSGSEND = YES;
				ENABLE_TESTABILITY = YES;
				GCC_C_LANGUAGE_STANDARD = gnu11;
				GCC_DYNAMIC_NO_PIC = NO;
				GCC_NO_COMMON_BLOCKS = YES;
				GCC_OPTIMIZATION_LEVEL = 0;
				GCC_PREPROCESSOR_DEFINITIONS = (
					"DEBUG=1",
					"$(inherited)",
				);
				GCC_WARN_64_TO_32_BIT_CONVERSION = YES;
				GCC_WARN_ABOUT_RETURN_TYPE = YES_ERROR;
				GCC_WARN_UNDECLARED_SELECTOR = YES;
				GCC_WARN_UNINITIALIZED_AUTOS = YES_AGGRESSIVE;
				GCC_WARN_UNUSED_FUNCTION = YES;
				GCC_WARN_UNUSED_VARIABLE = YES;
				IPHONEOS_DEPLOYMENT_TARGET = 16.2;
				MTL_ENABLE_DEBUG_INFO = INCLUDE_SOURCE;
				MTL_FAST_MATH = YES;
				ONLY_ACTIVE_ARCH = YES;
				SDKROOT = iphoneos;
				SWIFT_ACTIVE_COMPILATION_CONDITIONS = DEBUG;
				SWIFT_OPTIMIZATION_LEVEL = "-Onone";
			};
			name = Debug;
		};
		A3263CD12965AF1100B6EAFA /* Release */ = {
			isa = XCBuildConfiguration;
			buildSettings = {
				ALWAYS_SEARCH_USER_PATHS = NO;
				CLANG_ANALYZER_NONNULL = YES;
				CLANG_ANALYZER_NUMBER_OBJECT_CONVERSION = YES_AGGRESSIVE;
				CLANG_CXX_LANGUAGE_STANDARD = "gnu++20";
				CLANG_ENABLE_MODULES = YES;
				CLANG_ENABLE_OBJC_ARC = YES;
				CLANG_ENABLE_OBJC_WEAK = YES;
				CLANG_WARN_BLOCK_CAPTURE_AUTORELEASING = YES;
				CLANG_WARN_BOOL_CONVERSION = YES;
				CLANG_WARN_COMMA = YES;
				CLANG_WARN_CONSTANT_CONVERSION = YES;
				CLANG_WARN_DEPRECATED_OBJC_IMPLEMENTATIONS = YES;
				CLANG_WARN_DIRECT_OBJC_ISA_USAGE = YES_ERROR;
				CLANG_WARN_DOCUMENTATION_COMMENTS = YES;
				CLANG_WARN_EMPTY_BODY = YES;
				CLANG_WARN_ENUM_CONVERSION = YES;
				CLANG_WARN_INFINITE_RECURSION = YES;
				CLANG_WARN_INT_CONVERSION = YES;
				CLANG_WARN_NON_LITERAL_NULL_CONVERSION = YES;
				CLANG_WARN_OBJC_IMPLICIT_RETAIN_SELF = YES;
				CLANG_WARN_OBJC_LITERAL_CONVERSION = YES;
				CLANG_WARN_OBJC_ROOT_CLASS = YES_ERROR;
				CLANG_WARN_QUOTED_INCLUDE_IN_FRAMEWORK_HEADER = YES;
				CLANG_WARN_RANGE_LOOP_ANALYSIS = YES;
				CLANG_WARN_STRICT_PROTOTYPES = YES;
				CLANG_WARN_SUSPICIOUS_MOVE = YES;
				CLANG_WARN_UNGUARDED_AVAILABILITY = YES_AGGRESSIVE;
				CLANG_WARN_UNREACHABLE_CODE = YES;
				CLANG_WARN__DUPLICATE_METHOD_MATCH = YES;
				COPY_PHASE_STRIP = NO;
				DEBUG_INFORMATION_FORMAT = "dwarf-with-dsym";
				ENABLE_NS_ASSERTIONS = NO;
				ENABLE_STRICT_OBJC_MSGSEND = YES;
				GCC_C_LANGUAGE_STANDARD = gnu11;
				GCC_NO_COMMON_BLOCKS = YES;
				GCC_WARN_64_TO_32_BIT_CONVERSION = YES;
				GCC_WARN_ABOUT_RETURN_TYPE = YES_ERROR;
				GCC_WARN_UNDECLARED_SELECTOR = YES;
				GCC_WARN_UNINITIALIZED_AUTOS = YES_AGGRESSIVE;
				GCC_WARN_UNUSED_FUNCTION = YES;
				GCC_WARN_UNUSED_VARIABLE = YES;
				IPHONEOS_DEPLOYMENT_TARGET = 16.2;
				MTL_ENABLE_DEBUG_INFO = NO;
				MTL_FAST_MATH = YES;
				SDKROOT = iphoneos;
				SWIFT_COMPILATION_MODE = wholemodule;
				SWIFT_OPTIMIZATION_LEVEL = "-O";
				VALIDATE_PRODUCT = YES;
			};
			name = Release;
		};
		A3263CD32965AF1100B6EAFA /* Debug */ = {
			isa = XCBuildConfiguration;
			buildSettings = {
				ASSETCATALOG_COMPILER_APPICON_NAME = AppIcon;
				ASSETCATALOG_COMPILER_GLOBAL_ACCENT_COLOR_NAME = AccentColor;
				CODE_SIGN_STYLE = Automatic;
				CURRENT_PROJECT_VERSION = 1;
				DEVELOPMENT_ASSET_PATHS = "\"SwiftUILazyVGridViewDemoApp/Preview Content\"";
				DEVELOPMENT_TEAM = F39YLTWJFM;
				ENABLE_PREVIEWS = YES;
				GENERATE_INFOPLIST_FILE = YES;
				INFOPLIST_KEY_UIApplicationSceneManifest_Generation = YES;
				INFOPLIST_KEY_UIApplicationSupportsIndirectInputEvents = YES;
				INFOPLIST_KEY_UILaunchScreen_Generation = YES;
				INFOPLIST_KEY_UISupportedInterfaceOrientations_iPad = "UIInterfaceOrientationPortrait UIInterfaceOrientationPortraitUpsideDown UIInterfaceOrientationLandscapeLeft UIInterfaceOrientationLandscapeRight";
				INFOPLIST_KEY_UISupportedInterfaceOrientations_iPhone = "UIInterfaceOrientationPortrait UIInterfaceOrientationLandscapeLeft UIInterfaceOrientationLandscapeRight";
				LD_RUNPATH_SEARCH_PATHS = (
					"$(inherited)",
					"@executable_path/Frameworks",
				);
				MARKETING_VERSION = 1.0;
				PRODUCT_BUNDLE_IDENTIFIER = FRyota.SwiftUILazyVGridViewDemoApp;
				PRODUCT_NAME = "$(TARGET_NAME)";
				SWIFT_EMIT_LOC_STRINGS = YES;
				SWIFT_VERSION = 5.0;
				TARGETED_DEVICE_FAMILY = "1,2";
			};
			name = Debug;
		};
		A3263CD42965AF1100B6EAFA /* Release */ = {
			isa = XCBuildConfiguration;
			buildSettings = {
				ASSETCATALOG_COMPILER_APPICON_NAME = AppIcon;
				ASSETCATALOG_COMPILER_GLOBAL_ACCENT_COLOR_NAME = AccentColor;
				CODE_SIGN_STYLE = Automatic;
				CURRENT_PROJECT_VERSION = 1;
				DEVELOPMENT_ASSET_PATHS = "\"SwiftUILazyVGridViewDemoApp/Preview Content\"";
				DEVELOPMENT_TEAM = F39YLTWJFM;
				ENABLE_PREVIEWS = YES;
				GENERATE_INFOPLIST_FILE = YES;
				INFOPLIST_KEY_UIApplicationSceneManifest_Generation = YES;
				INFOPLIST_KEY_UIApplicationSupportsIndirectInputEvents = YES;
				INFOPLIST_KEY_UILaunchScreen_Generation = YES;
				INFOPLIST_KEY_UISupportedInterfaceOrientations_iPad = "UIInterfaceOrientationPortrait UIInterfaceOrientationPortraitUpsideDown UIInterfaceOrientationLandscapeLeft UIInterfaceOrientationLandscapeRight";
				INFOPLIST_KEY_UISupportedInterfaceOrientations_iPhone = "UIInterfaceOrientationPortrait UIInterfaceOrientationLandscapeLeft UIInterfaceOrientationLandscapeRight";
				LD_RUNPATH_SEARCH_PATHS = (
					"$(inherited)",
					"@executable_path/Frameworks",
				);
				MARKETING_VERSION = 1.0;
				PRODUCT_BUNDLE_IDENTIFIER = FRyota.SwiftUILazyVGridViewDemoApp;
				PRODUCT_NAME = "$(TARGET_NAME)";
				SWIFT_EMIT_LOC_STRINGS = YES;
				SWIFT_VERSION = 5.0;
				TARGETED_DEVICE_FAMILY = "1,2";
			};
			name = Release;
		};
		A3263CD62965AF1100B6EAFA /* Debug */ = {
			isa = XCBuildConfiguration;
			buildSettings = {
				ALWAYS_EMBED_SWIFT_STANDARD_LIBRARIES = YES;
				BUNDLE_LOADER = "$(TEST_HOST)";
				CODE_SIGN_STYLE = Automatic;
				CURRENT_PROJECT_VERSION = 1;
				DEVELOPMENT_TEAM = F39YLTWJFM;
				GENERATE_INFOPLIST_FILE = YES;
				IPHONEOS_DEPLOYMENT_TARGET = 16.2;
				MARKETING_VERSION = 1.0;
				PRODUCT_BUNDLE_IDENTIFIER = FRyota.SwiftUILazyVGridViewDemoAppTests;
				PRODUCT_NAME = "$(TARGET_NAME)";
				SWIFT_EMIT_LOC_STRINGS = NO;
				SWIFT_VERSION = 5.0;
				TARGETED_DEVICE_FAMILY = "1,2";
				TEST_HOST = "$(BUILT_PRODUCTS_DIR)/SwiftUILazyVGridViewDemoApp.app/$(BUNDLE_EXECUTABLE_FOLDER_PATH)/SwiftUILazyVGridViewDemoApp";
			};
			name = Debug;
		};
		A3263CD72965AF1100B6EAFA /* Release */ = {
			isa = XCBuildConfiguration;
			buildSettings = {
				ALWAYS_EMBED_SWIFT_STANDARD_LIBRARIES = YES;
				BUNDLE_LOADER = "$(TEST_HOST)";
				CODE_SIGN_STYLE = Automatic;
				CURRENT_PROJECT_VERSION = 1;
				DEVELOPMENT_TEAM = F39YLTWJFM;
				GENERATE_INFOPLIST_FILE = YES;
				IPHONEOS_DEPLOYMENT_TARGET = 16.2;
				MARKETING_VERSION = 1.0;
				PRODUCT_BUNDLE_IDENTIFIER = FRyota.SwiftUILazyVGridViewDemoAppTests;
				PRODUCT_NAME = "$(TARGET_NAME)";
				SWIFT_EMIT_LOC_STRINGS = NO;
				SWIFT_VERSION = 5.0;
				TARGETED_DEVICE_FAMILY = "1,2";
				TEST_HOST = "$(BUILT_PRODUCTS_DIR)/SwiftUILazyVGridViewDemoApp.app/$(BUNDLE_EXECUTABLE_FOLDER_PATH)/SwiftUILazyVGridViewDemoApp";
			};
			name = Release;
		};
		A3263CD92965AF1100B6EAFA /* Debug */ = {
			isa = XCBuildConfiguration;
			buildSettings = {
				ALWAYS_EMBED_SWIFT_STANDARD_LIBRARIES = YES;
				CODE_SIGN_STYLE = Automatic;
				CURRENT_PROJECT_VERSION = 1;
				DEVELOPMENT_TEAM = F39YLTWJFM;
				GENERATE_INFOPLIST_FILE = YES;
				MARKETING_VERSION = 1.0;
				PRODUCT_BUNDLE_IDENTIFIER = FRyota.SwiftUILazyVGridViewDemoAppUITests;
				PRODUCT_NAME = "$(TARGET_NAME)";
				SWIFT_EMIT_LOC_STRINGS = NO;
				SWIFT_VERSION = 5.0;
				TARGETED_DEVICE_FAMILY = "1,2";
				TEST_TARGET_NAME = SwiftUILazyVGridViewDemoApp;
			};
			name = Debug;
		};
		A3263CDA2965AF1100B6EAFA /* Release */ = {
			isa = XCBuildConfiguration;
			buildSettings = {
				ALWAYS_EMBED_SWIFT_STANDARD_LIBRARIES = YES;
				CODE_SIGN_STYLE = Automatic;
				CURRENT_PROJECT_VERSION = 1;
				DEVELOPMENT_TEAM = F39YLTWJFM;
				GENERATE_INFOPLIST_FILE = YES;
				MARKETING_VERSION = 1.0;
				PRODUCT_BUNDLE_IDENTIFIER = FRyota.SwiftUILazyVGridViewDemoAppUITests;
				PRODUCT_NAME = "$(TARGET_NAME)";
				SWIFT_EMIT_LOC_STRINGS = NO;
				SWIFT_VERSION = 5.0;
				TARGETED_DEVICE_FAMILY = "1,2";
				TEST_TARGET_NAME = SwiftUILazyVGridViewDemoApp;
			};
			name = Release;
		};
/* End XCBuildConfiguration section */

/* Begin XCConfigurationList section */
		A3263CA92965AF0E00B6EAFA /* Build configuration list for PBXProject "SwiftUILazyVGridViewDemoApp" */ = {
			isa = XCConfigurationList;
			buildConfigurations = (
				A3263CD02965AF1100B6EAFA /* Debug */,
				A3263CD12965AF1100B6EAFA /* Release */,
			);
			defaultConfigurationIsVisible = 0;
			defaultConfigurationName = Release;
		};
		A3263CD22965AF1100B6EAFA /* Build configuration list for PBXNativeTarget "SwiftUILazyVGridViewDemoApp" */ = {
			isa = XCConfigurationList;
			buildConfigurations = (
				A3263CD32965AF1100B6EAFA /* Debug */,
				A3263CD42965AF1100B6EAFA /* Release */,
			);
			defaultConfigurationIsVisible = 0;
			defaultConfigurationName = Release;
		};
		A3263CD52965AF1100B6EAFA /* Build configuration list for PBXNativeTarget "SwiftUILazyVGridViewDemoAppTests" */ = {
			isa = XCConfigurationList;
			buildConfigurations = (
				A3263CD62965AF1100B6EAFA /* Debug */,
				A3263CD72965AF1100B6EAFA /* Release */,
			);
			defaultConfigurationIsVisible = 0;
			defaultConfigurationName = Release;
		};
		A3263CD82965AF1100B6EAFA /* Build configuration list for PBXNativeTarget "SwiftUILazyVGridViewDemoAppUITests" */ = {
			isa = XCConfigurationList;
			buildConfigurations = (
				A3263CD92965AF1100B6EAFA /* Debug */,
				A3263CDA2965AF1100B6EAFA /* Release */,
			);
			defaultConfigurationIsVisible = 0;
			defaultConfigurationName = Release;
		};
/* End XCConfigurationList section */
	};
	rootObject = A3263CA62965AF0E00B6EAFA /* Project object */;
}
